
Microsoft Visual Studio Solution File, Format Version 12.00
# Visual Studio 2013
VisualStudioVersion = 12.0.30501.0
MinimumVisualStudioVersion = 10.0.40219.1
Project("{2150E333-8FDC-42A3-9474-1A3956D46DE8}") = "ApplicationConfiguration", "ApplicationConfiguration", "{8CFEC4DC-9A8A-42EE-860D-8B4D908E43DA}"
	ProjectSection(SolutionItems) = preProject
		Application.config = Application.config
		FxCop.targets = FxCop.targets
		FxCopConsoleOutput.xsl = FxCopConsoleOutput.xsl
		FxCopDictionary.xml = FxCopDictionary.xml
		gs.mvk.snk = gs.mvk.snk
		Settings.FxCop = Settings.FxCop
		Settings.spruleset = Settings.spruleset
		Settings.StyleCop = Settings.StyleCop
		SharePointConfiguration.xml = SharePointConfiguration.xml
		SPDisposeChecker.targets = SPDisposeChecker.targets
		SPSF.targets = SPSF.targets
	EndProjectSection
EndProject
Project("{FAE04EC0-301F-11D3-BF4B-00C04F79EFBC}") = "GS.MVK.ContentTypes", "ContentTypes\GS.MVK.ContentTypes.csproj", "{18BD52FD-BBF9-4730-A35A-B13FE70716A6}"
	ProjectSection(ProjectDependencies) = postProject
		{8DDABF67-B493-4F04-980C-15A61220B38C} = {8DDABF67-B493-4F04-980C-15A61220B38C}
		{E0922397-59A0-468C-A22E-6E69448CC35C} = {E0922397-59A0-468C-A22E-6E69448CC35C}
	EndProjectSection
EndProject
Project("{FAE04EC0-301F-11D3-BF4B-00C04F79EFBC}") = "Deployment", "Deployment\Deployment.csproj", "{68FB0CCA-A98D-4E24-8E6E-547F090A4702}"
	ProjectSection(ProjectDependencies) = postProject
		{EC3352C4-A264-44B2-8416-01F4C9919C85} = {EC3352C4-A264-44B2-8416-01F4C9919C85}
		{18BD52FD-BBF9-4730-A35A-B13FE70716A6} = {18BD52FD-BBF9-4730-A35A-B13FE70716A6}
	EndProjectSection
EndProject
Project("{FAE04EC0-301F-11D3-BF4B-00C04F79EFBC}") = "Cleanup", "ConsoleApp\Cleanup.csproj", "{8DDABF67-B493-4F04-980C-15A61220B38C}"
EndProject
Project("{FAE04EC0-301F-11D3-BF4B-00C04F79EFBC}") = "GS.MVK.Utils", "Utils\GS.MVK.Utils.csproj", "{E0922397-59A0-468C-A22E-6E69448CC35C}"
EndProject
Project("{FAE04EC0-301F-11D3-BF4B-00C04F79EFBC}") = "GS.MVK.Web", "GS.MVK.Web\GS.MVK.Web.csproj", "{EC3352C4-A264-44B2-8416-01F4C9919C85}"
EndProject
Global
	GlobalSection(SolutionConfigurationPlatforms) = preSolution
		Debug|Any CPU = Debug|Any CPU
		Release|Any CPU = Release|Any CPU
	EndGlobalSection
	GlobalSection(ProjectConfigurationPlatforms) = postSolution
		{18BD52FD-BBF9-4730-A35A-B13FE70716A6}.Debug|Any CPU.ActiveCfg = Debug|Any CPU
		{18BD52FD-BBF9-4730-A35A-B13FE70716A6}.Debug|Any CPU.Build.0 = Debug|Any CPU
		{18BD52FD-BBF9-4730-A35A-B13FE70716A6}.Debug|Any CPU.Deploy.0 = Debug|Any CPU
		{18BD52FD-BBF9-4730-A35A-B13FE70716A6}.Release|Any CPU.ActiveCfg = Release|Any CPU
		{18BD52FD-BBF9-4730-A35A-B13FE70716A6}.Release|Any CPU.Build.0 = Release|Any CPU
		{18BD52FD-BBF9-4730-A35A-B13FE70716A6}.Release|Any CPU.Deploy.0 = Release|Any CPU
		{68FB0CCA-A98D-4E24-8E6E-547F090A4702}.Debug|Any CPU.ActiveCfg = Debug|Any CPU
		{68FB0CCA-A98D-4E24-8E6E-547F090A4702}.Release|Any CPU.ActiveCfg = Release|Any CPU
		{68FB0CCA-A98D-4E24-8E6E-547F090A4702}.Release|Any CPU.Build.0 = Release|Any CPU
		{8DDABF67-B493-4F04-980C-15A61220B38C}.Debug|Any CPU.ActiveCfg = Debug|Any CPU
		{8DDABF67-B493-4F04-980C-15A61220B38C}.Release|Any CPU.ActiveCfg = Release|Any CPU
		{8DDABF67-B493-4F04-980C-15A61220B38C}.Release|Any CPU.Build.0 = Release|Any CPU
		{E0922397-59A0-468C-A22E-6E69448CC35C}.Debug|Any CPU.ActiveCfg = Debug|Any CPU
		{E0922397-59A0-468C-A22E-6E69448CC35C}.Debug|Any CPU.Build.0 = Debug|Any CPU
		{E0922397-59A0-468C-A22E-6E69448CC35C}.Release|Any CPU.ActiveCfg = Release|Any CPU
		{E0922397-59A0-468C-A22E-6E69448CC35C}.Release|Any CPU.Build.0 = Release|Any CPU
		{EC3352C4-A264-44B2-8416-01F4C9919C85}.Debug|Any CPU.ActiveCfg = Debug|Any CPU
		{EC3352C4-A264-44B2-8416-01F4C9919C85}.Debug|Any CPU.Build.0 = Debug|Any CPU
		{EC3352C4-A264-44B2-8416-01F4C9919C85}.Debug|Any CPU.Deploy.0 = Debug|Any CPU
		{EC3352C4-A264-44B2-8416-01F4C9919C85}.Release|Any CPU.ActiveCfg = Release|Any CPU
		{EC3352C4-A264-44B2-8416-01F4C9919C85}.Release|Any CPU.Build.0 = Release|Any CPU
		{EC3352C4-A264-44B2-8416-01F4C9919C85}.Release|Any CPU.Deploy.0 = Release|Any CPU
	EndGlobalSection
	GlobalSection(SolutionProperties) = preSolution
		HideSolutionNode = FALSE
	EndGlobalSection
EndGlobal
